
Microsoft Visual Studio Solution File, Format Version 12.00
# Visual Studio Version 17
VisualStudioVersion = 17.0.31903.59
MinimumVisualStudioVersion = 10.0.40219.1
Project("{FAE04EC0-301F-11D3-BF4B-00C04F79EFBC}") = "SampleOtlp.Monitoring", "SampleOtlp.Monitoring\SampleOtlp.Monitoring.csproj", "{E02E6C54-95A8-42F5-BB58-7B4BEF14A4AA}"
EndProject
Project("{FAE04EC0-301F-11D3-BF4B-00C04F79EFBC}") = "SampleOtlp.UserService", "SampleOtlp.UserService\SampleOtlp.UserService.csproj", "{D97890A5-C99F-425A-BAA8-FAEE013E79F4}"
EndProject
Project("{FAE04EC0-301F-11D3-BF4B-00C04F79EFBC}") = "SampleOtlp.Cognito", "SampleOtlp.Cognito\SampleOtlp.Cognito.csproj", "{7CC470ED-BF60-45DF-8134-9FBA7557146C}"
EndProject
Project("{FAE04EC0-301F-11D3-BF4B-00C04F79EFBC}") = "SampleOtlp.NotifyService", "SampleOtlp.NotifyService\SampleOtlp.NotifyService.csproj", "{B32FDD81-A2E8-4990-90AE-97E0CE9F6754}"
EndProject
Project("{FAE04EC0-301F-11D3-BF4B-00C04F79EFBC}") = "SampleOtlp.SyncService", "SampleOtlp.SyncService\SampleOtlp.SyncService.csproj", "{ADB8568F-7546-4890-A1E1-4A9A669D4CDE}"
EndProject
Project("{FAE04EC0-301F-11D3-BF4B-00C04F79EFBC}") = "SampleOtlp.SNS", "SampleOtlp.SNS\SampleOtlp.SNS.csproj", "{13B0AE50-917D-4BE7-88B1-53250C2A148A}"
EndProject
Global
	GlobalSection(SolutionConfigurationPlatforms) = preSolution
		Debug|Any CPU = Debug|Any CPU
		Release|Any CPU = Release|Any CPU
	EndGlobalSection
	GlobalSection(SolutionProperties) = preSolution
		HideSolutionNode = FALSE
	EndGlobalSection
	GlobalSection(ProjectConfigurationPlatforms) = postSolution
		{E02E6C54-95A8-42F5-BB58-7B4BEF14A4AA}.Debug|Any CPU.ActiveCfg = Debug|Any CPU
		{E02E6C54-95A8-42F5-BB58-7B4BEF14A4AA}.Debug|Any CPU.Build.0 = Debug|Any CPU
		{E02E6C54-95A8-42F5-BB58-7B4BEF14A4AA}.Release|Any CPU.ActiveCfg = Release|Any CPU
		{E02E6C54-95A8-42F5-BB58-7B4BEF14A4AA}.Release|Any CPU.Build.0 = Release|Any CPU
		{D97890A5-C99F-425A-BAA8-FAEE013E79F4}.Debug|Any CPU.ActiveCfg = Debug|Any CPU
		{D97890A5-C99F-425A-BAA8-FAEE013E79F4}.Debug|Any CPU.Build.0 = Debug|Any CPU
		{D97890A5-C99F-425A-BAA8-FAEE013E79F4}.Release|Any CPU.ActiveCfg = Release|Any CPU
		{D97890A5-C99F-425A-BAA8-FAEE013E79F4}.Release|Any CPU.Build.0 = Release|Any CPU
		{7CC470ED-BF60-45DF-8134-9FBA7557146C}.Debug|Any CPU.ActiveCfg = Debug|Any CPU
		{7CC470ED-BF60-45DF-8134-9FBA7557146C}.Debug|Any CPU.Build.0 = Debug|Any CPU
		{7CC470ED-BF60-45DF-8134-9FBA7557146C}.Release|Any CPU.ActiveCfg = Release|Any CPU
		{7CC470ED-BF60-45DF-8134-9FBA7557146C}.Release|Any CPU.Build.0 = Release|Any CPU
		{B32FDD81-A2E8-4990-90AE-97E0CE9F6754}.Debug|Any CPU.ActiveCfg = Debug|Any CPU
		{B32FDD81-A2E8-4990-90AE-97E0CE9F6754}.Debug|Any CPU.Build.0 = Debug|Any CPU
		{B32FDD81-A2E8-4990-90AE-97E0CE9F6754}.Release|Any CPU.ActiveCfg = Release|Any CPU
		{B32FDD81-A2E8-4990-90AE-97E0CE9F6754}.Release|Any CPU.Build.0 = Release|Any CPU
		{ADB8568F-7546-4890-A1E1-4A9A669D4CDE}.Debug|Any CPU.ActiveCfg = Debug|Any CPU
		{ADB8568F-7546-4890-A1E1-4A9A669D4CDE}.Debug|Any CPU.Build.0 = Debug|Any CPU
		{ADB8568F-7546-4890-A1E1-4A9A669D4CDE}.Release|Any CPU.ActiveCfg = Release|Any CPU
		{ADB8568F-7546-4890-A1E1-4A9A669D4CDE}.Release|Any CPU.Build.0 = Release|Any CPU
		{13B0AE50-917D-4BE7-88B1-53250C2A148A}.Debug|Any CPU.ActiveCfg = Debug|Any CPU
		{13B0AE50-917D-4BE7-88B1-53250C2A148A}.Debug|Any CPU.Build.0 = Debug|Any CPU
		{13B0AE50-917D-4BE7-88B1-53250C2A148A}.Release|Any CPU.ActiveCfg = Release|Any CPU
		{13B0AE50-917D-4BE7-88B1-53250C2A148A}.Release|Any CPU.Build.0 = Release|Any CPU
	EndGlobalSection
EndGlobal
